
Microsoft Visual Studio Solution File, Format Version 12.00
# Visual Studio Version 16
VisualStudioVersion = 16.0.33214.272
MinimumVisualStudioVersion = 10.0.40219.1
Project("{FAE04EC0-301F-11D3-BF4B-00C04F79EFBC}") = "Calculator.Android", "Calculator\Calculator.Android\Calculator.Android.csproj", "{6034F36F-F615-4874-A9DF-9EF0094B7EDD}"
EndProject
Project("{FAE04EC0-301F-11D3-BF4B-00C04F79EFBC}") = "Calculator.iOS", "Calculator\Calculator.iOS\Calculator.iOS.csproj", "{8BAEA01B-6685-4379-9574-59F116184EF1}"
EndProject
Project("{FAE04EC0-301F-11D3-BF4B-00C04F79EFBC}") = "Calculator", "Calculator\Calculator\Calculator.csproj", "{716E7BA7-B328-41AA-9AFA-29B4AE05150E}"
EndProject
Global
	GlobalSection(SolutionConfigurationPlatforms) = preSolution
		Debug|Any CPU = Debug|Any CPU
		Debug|iPhone = Debug|iPhone
		Debug|iPhoneSimulator = Debug|iPhoneSimulator
		Release|Any CPU = Release|Any CPU
		Release|iPhone = Release|iPhone
		Release|iPhoneSimulator = Release|iPhoneSimulator
	EndGlobalSection
	GlobalSection(ProjectConfigurationPlatforms) = postSolution
		{6034F36F-F615-4874-A9DF-9EF0094B7EDD}.Debug|Any CPU.ActiveCfg = Debug|Any CPU
		{6034F36F-F615-4874-A9DF-9EF0094B7EDD}.Debug|Any CPU.Build.0 = Debug|Any CPU
		{6034F36F-F615-4874-A9DF-9EF0094B7EDD}.Debug|Any CPU.Deploy.0 = Debug|Any CPU
		{6034F36F-F615-4874-A9DF-9EF0094B7EDD}.Debug|iPhone.ActiveCfg = Debug|Any CPU
		{6034F36F-F615-4874-A9DF-9EF0094B7EDD}.Debug|iPhone.Build.0 = Debug|Any CPU
		{6034F36F-F615-4874-A9DF-9EF0094B7EDD}.Debug|iPhone.Deploy.0 = Debug|Any CPU
		{6034F36F-F615-4874-A9DF-9EF0094B7EDD}.Debug|iPhoneSimulator.ActiveCfg = Debug|Any CPU
		{6034F36F-F615-4874-A9DF-9EF0094B7EDD}.Debug|iPhoneSimulator.Build.0 = Debug|Any CPU
		{6034F36F-F615-4874-A9DF-9EF0094B7EDD}.Debug|iPhoneSimulator.Deploy.0 = Debug|Any CPU
		{6034F36F-F615-4874-A9DF-9EF0094B7EDD}.Release|Any CPU.ActiveCfg = Release|Any CPU
		{6034F36F-F615-4874-A9DF-9EF0094B7EDD}.Release|Any CPU.Build.0 = Release|Any CPU
		{6034F36F-F615-4874-A9DF-9EF0094B7EDD}.Release|Any CPU.Deploy.0 = Release|Any CPU
		{6034F36F-F615-4874-A9DF-9EF0094B7EDD}.Release|iPhone.ActiveCfg = Release|Any CPU
		{6034F36F-F615-4874-A9DF-9EF0094B7EDD}.Release|iPhone.Build.0 = Release|Any CPU
		{6034F36F-F615-4874-A9DF-9EF0094B7EDD}.Release|iPhone.Deploy.0 = Release|Any CPU
		{6034F36F-F615-4874-A9DF-9EF0094B7EDD}.Release|iPhoneSimulator.ActiveCfg = Release|Any CPU
		{6034F36F-F615-4874-A9DF-9EF0094B7EDD}.Release|iPhoneSimulator.Build.0 = Release|Any CPU
		{6034F36F-F615-4874-A9DF-9EF0094B7EDD}.Release|iPhoneSimulator.Deploy.0 = Release|Any CPU
		{8BAEA01B-6685-4379-9574-59F116184EF1}.Debug|Any CPU.ActiveCfg = Debug|iPhone
		{8BAEA01B-6685-4379-9574-59F116184EF1}.Debug|Any CPU.Build.0 = Debug|iPhone
		{8BAEA01B-6685-4379-9574-59F116184EF1}.Debug|Any CPU.Deploy.0 = Debug|iPhone
		{8BAEA01B-6685-4379-9574-59F116184EF1}.Debug|iPhone.ActiveCfg = Debug|iPhone
		{8BAEA01B-6685-4379-9574-59F116184EF1}.Debug|iPhone.Build.0 = Debug|iPhone
		{8BAEA01B-6685-4379-9574-59F116184EF1}.Debug|iPhone.Deploy.0 = Debug|iPhone
		{8BAEA01B-6685-4379-9574-59F116184EF1}.Debug|iPhoneSimulator.ActiveCfg = Debug|iPhoneSimulator
		{8BAEA01B-6685-4379-9574-59F116184EF1}.Debug|iPhoneSimulator.Build.0 = Debug|iPhoneSimulator
		{8BAEA01B-6685-4379-9574-59F116184EF1}.Debug|iPhoneSimulator.Deploy.0 = Debug|iPhoneSimulator
		{8BAEA01B-6685-4379-9574-59F116184EF1}.Release|Any CPU.ActiveCfg = Release|iPhoneSimulator
		{8BAEA01B-6685-4379-9574-59F116184EF1}.Release|Any CPU.Build.0 = Release|iPhoneSimulator
		{8BAEA01B-6685-4379-9574-59F116184EF1}.Release|Any CPU.Deploy.0 = Release|iPhoneSimulator
		{8BAEA01B-6685-4379-9574-59F116184EF1}.Release|iPhone.ActiveCfg = Release|iPhone
		{8BAEA01B-6685-4379-9574-59F116184EF1}.Release|iPhone.Build.0 = Release|iPhone
		{8BAEA01B-6685-4379-9574-59F116184EF1}.Release|iPhone.Deploy.0 = Release|iPhone
		{8BAEA01B-6685-4379-9574-59F116184EF1}.Release|iPhoneSimulator.ActiveCfg = Release|iPhoneSimulator
		{8BAEA01B-6685-4379-9574-59F116184EF1}.Release|iPhoneSimulator.Build.0 = Release|iPhoneSimulator
		{8BAEA01B-6685-4379-9574-59F116184EF1}.Release|iPhoneSimulator.Deploy.0 = Release|iPhoneSimulator
		{716E7BA7-B328-41AA-9AFA-29B4AE05150E}.Debug|Any CPU.ActiveCfg = Debug|Any CPU
		{716E7BA7-B328-41AA-9AFA-29B4AE05150E}.Debug|Any CPU.Build.0 = Debug|Any CPU
		{716E7BA7-B328-41AA-9AFA-29B4AE05150E}.Debug|Any CPU.Deploy.0 = Debug|Any CPU
		{716E7BA7-B328-41AA-9AFA-29B4AE05150E}.Debug|iPhone.ActiveCfg = Debug|Any CPU
		{716E7BA7-B328-41AA-9AFA-29B4AE05150E}.Debug|iPhone.Build.0 = Debug|Any CPU
		{716E7BA7-B328-41AA-9AFA-29B4AE05150E}.Debug|iPhone.Deploy.0 = Debug|Any CPU
		{716E7BA7-B328-41AA-9AFA-29B4AE05150E}.Debug|iPhoneSimulator.ActiveCfg = Debug|Any CPU
		{716E7BA7-B328-41AA-9AFA-29B4AE05150E}.Debug|iPhoneSimulator.Build.0 = Debug|Any CPU
		{716E7BA7-B328-41AA-9AFA-29B4AE05150E}.Debug|iPhoneSimulator.Deploy.0 = Debug|Any CPU
		{716E7BA7-B328-41AA-9AFA-29B4AE05150E}.Release|Any CPU.ActiveCfg = Release|Any CPU
		{716E7BA7-B328-41AA-9AFA-29B4AE05150E}.Release|Any CPU.Build.0 = Release|Any CPU
		{716E7BA7-B328-41AA-9AFA-29B4AE05150E}.Release|Any CPU.Deploy.0 = Release|Any CPU
		{716E7BA7-B328-41AA-9AFA-29B4AE05150E}.Release|iPhone.ActiveCfg = Release|Any CPU
		{716E7BA7-B328-41AA-9AFA-29B4AE05150E}.Release|iPhone.Build.0 = Release|Any CPU
		{716E7BA7-B328-41AA-9AFA-29B4AE05150E}.Release|iPhone.Deploy.0 = Release|Any CPU
		{716E7BA7-B328-41AA-9AFA-29B4AE05150E}.Release|iPhoneSimulator.ActiveCfg = Release|Any CPU
		{716E7BA7-B328-41AA-9AFA-29B4AE05150E}.Release|iPhoneSimulator.Build.0 = Release|Any CPU
		{716E7BA7-B328-41AA-9AFA-29B4AE05150E}.Release|iPhoneSimulator.Deploy.0 = Release|Any CPU
	EndGlobalSection
	GlobalSection(SolutionProperties) = preSolution
		HideSolutionNode = FALSE
	EndGlobalSection
	GlobalSection(ExtensibilityGlobals) = postSolution
		SolutionGuid = {CF9097F9-2566-484D-9558-B315E1EABF5F}
	EndGlobalSection
EndGlobal
